// !$*UTF8*$!
{
	archiveVersion = 1;
	classes = {
	};
	objectVersion = 46;
	objects = {

/* Begin PBXBuildFile section */
		72930ED01601303200ECB1B9 /* UIKit.framework in Frameworks */ = {isa = PBXBuildFile; fileRef = 72930ECF1601303200ECB1B9 /* UIKit.framework */; };
		72930ED21601303200ECB1B9 /* Foundation.framework in Frameworks */ = {isa = PBXBuildFile; fileRef = 72930ED11601303200ECB1B9 /* Foundation.framework */; };
		72930ED41601303200ECB1B9 /* CoreGraphics.framework in Frameworks */ = {isa = PBXBuildFile; fileRef = 72930ED31601303200ECB1B9 /* CoreGraphics.framework */; };
		72930EDA1601303200ECB1B9 /* InfoPlist.strings in Resources */ = {isa = PBXBuildFile; fileRef = 72930ED81601303200ECB1B9 /* InfoPlist.strings */; };
		72930EDC1601303200ECB1B9 /* main.m in Sources */ = {isa = PBXBuildFile; fileRef = 72930EDB1601303200ECB1B9 /* main.m */; };
		72930EE01601303200ECB1B9 /* AT_BoringAppDelegate.m in Sources */ = {isa = PBXBuildFile; fileRef = 72930EDF1601303200ECB1B9 /* AT_BoringAppDelegate.m */; };
		72930EE31601303200ECB1B9 /* AT_BoringViewController.m in Sources */ = {isa = PBXBuildFile; fileRef = 72930EE21601303200ECB1B9 /* AT_BoringViewController.m */; };
		72930EE61601303200ECB1B9 /* AT_BoringViewController.xib in Resources */ = {isa = PBXBuildFile; fileRef = 72930EE41601303200ECB1B9 /* AT_BoringViewController.xib */; };
/* End PBXBuildFile section */

/* Begin PBXFileReference section */
		72930ECB1601303200ECB1B9 /* AT_Boring.app */ = {isa = PBXFileReference; explicitFileType = wrapper.application; includeInIndex = 0; path = AT_Boring.app; sourceTree = BUILT_PRODUCTS_DIR; };
		72930ECF1601303200ECB1B9 /* UIKit.framework */ = {isa = PBXFileReference; lastKnownFileType = wrapper.framework; name = UIKit.framework; path = System/Library/Frameworks/UIKit.framework; sourceTree = SDKROOT; };
		72930ED11601303200ECB1B9 /* Foundation.framework */ = {isa = PBXFileReference; lastKnownFileType = wrapper.framework; name = Foundation.framework; path = System/Library/Frameworks/Foundation.framework; sourceTree = SDKROOT; };
		72930ED31601303200ECB1B9 /* CoreGraphics.framework */ = {isa = PBXFileReference; lastKnownFileType = wrapper.framework; name = CoreGraphics.framework; path = System/Library/Frameworks/CoreGraphics.framework; sourceTree = SDKROOT; };
		72930ED71601303200ECB1B9 /* AT_Boring-Info.plist */ = {isa = PBXFileReference; path = "AT_Boring-Info.plist"; sourceTree = "<group>"; };
		72930ED91601303200ECB1B9 /* en */ = {isa = PBXFileReference; lastKnownFileType = text.plist.strings; name = en; path = en.lproj/InfoPlist.strings; sourceTree = "<group>"; };
		72930EDB1601303200ECB1B9 /* main.m */ = {isa = PBXFileReference; lastKnownFileType = sourcecode.c.objc; path = main.m; sourceTree = "<group>"; };
		72930EDD1601303200ECB1B9 /* AT_Boring-Prefix.pch */ = {isa = PBXFileReference; path = "AT_Boring-Prefix.pch"; sourceTree = "<group>"; };
		72930EDE1601303200ECB1B9 /* AT_BoringAppDelegate.h */ = {isa = PBXFileReference; path = AT_BoringAppDelegate.h; sourceTree = "<group>"; };
		72930EDF1601303200ECB1B9 /* AT_BoringAppDelegate.m */ = {isa = PBXFileReference; lastKnownFileType = sourcecode.c.objc; path = AT_BoringAppDelegate.m; sourceTree = "<group>"; };
		72930EE11601303200ECB1B9 /* AT_BoringViewController.h */ = {isa = PBXFileReference; path = AT_BoringViewController.h; sourceTree = "<group>"; };
		72930EE21601303200ECB1B9 /* AT_BoringViewController.m */ = {isa = PBXFileReference; lastKnownFileType = sourcecode.c.objc; path = AT_BoringViewController.m; sourceTree = "<group>"; };
		72930EE51601303200ECB1B9 /* en */ = {isa = PBXFileReference; lastKnownFileType = file.xib; name = en; path = en.lproj/AT_BoringViewController.xib; sourceTree = "<group>"; };
/* End PBXFileReference section */

/* Begin PBXFrameworksBuildPhase section */
		72930EC81601303200ECB1B9 /* Frameworks */ = {
			isa = PBXFrameworksBuildPhase;
			buildActionMask = 2147483647;
			files = (
				72930ED01601303200ECB1B9 /* UIKit.framework in Frameworks */,
				72930ED21601303200ECB1B9 /* Foundation.framework in Frameworks */,
				72930ED41601303200ECB1B9 /* CoreGraphics.framework in Frameworks */,
			);
			runOnlyForDeploymentPostprocessing = 0;
		};
/* End PBXFrameworksBuildPhase section */

/* Begin PBXGroup section */
		72930EC01601303200ECB1B9 = {
			isa = PBXGroup;
			children = (
				72930ED51601303200ECB1B9 /* AT_Boring */,
				72930ECE1601303200ECB1B9 /* Frameworks */,
				72930ECC1601303200ECB1B9 /* Products */,
			);
			sourceTree = "<group>";
		};
		72930ECC1601303200ECB1B9 /* Products */ = {
			isa = PBXGroup;
			children = (
				72930ECB1601303200ECB1B9 /* AT_Boring.app */,
			);
			name = Products;
			sourceTree = "<group>";
		};
		72930ECE1601303200ECB1B9 /* Frameworks */ = {
			isa = PBXGroup;
			children = (
				72930ECF1601303200ECB1B9 /* UIKit.framework */,
				72930ED11601303200ECB1B9 /* Foundation.framework */,
				72930ED31601303200ECB1B9 /* CoreGraphics.framework */,
			);
			name = Frameworks;
			sourceTree = "<group>";
		};
		72930ED51601303200ECB1B9 /* AT_Boring */ = {
			isa = PBXGroup;
			children = (
				72930EDE1601303200ECB1B9 /* AT_BoringAppDelegate.h */,
				72930EDF1601303200ECB1B9 /* AT_BoringAppDelegate.m */,
				72930EE11601303200ECB1B9 /* AT_BoringViewController.h */,
				72930EE21601303200ECB1B9 /* AT_BoringViewController.m */,
				72930EE41601303200ECB1B9 /* AT_BoringViewController.xib */,
				72930ED61601303200ECB1B9 /* Supporting Files */,
			);
			path = AT_Boring;
			sourceTree = "<group>";
		};
		72930ED61601303200ECB1B9 /* Supporting Files */ = {
			isa = PBXGroup;
			children = (
				72930ED71601303200ECB1B9 /* AT_Boring-Info.plist */,
				72930ED81601303200ECB1B9 /* InfoPlist.strings */,
				72930EDB1601303200ECB1B9 /* main.m */,
				72930EDD1601303200ECB1B9 /* AT_Boring-Prefix.pch */,
			);
			name = "Supporting Files";
			sourceTree = "<group>";
		};
/* End PBXGroup section */

/* Begin PBXNativeTarget section */
		72930ECA1601303200ECB1B9 /* AT_Boring */ = {
			isa = PBXNativeTarget;
			buildConfigurationList = 72930EE91601303200ECB1B9 /* Build configuration list for PBXNativeTarget "AT_Boring" */;
			buildPhases = (
				72930EC71601303200ECB1B9 /* Sources */,
				72930EC81601303200ECB1B9 /* Frameworks */,
				72930EC91601303200ECB1B9 /* Resources */,
			);
			buildRules = (
			);
			dependencies = (
			);
			name = AT_Boring;
			productName = AT_Boring;
			productReference = 72930ECB1601303200ECB1B9 /* AT_Boring.app */;
			productType = "com.apple.product-type.application";
		};
/* End PBXNativeTarget section */

/* Begin PBXProject section */
		72930EC21601303200ECB1B9 /* Project object */ = {
			isa = PBXProject;
			attributes = {
				LastUpgradeCheck = 0420;
			};
			buildConfigurationList = 72930EC51601303200ECB1B9 /* Build configuration list for PBXProject "AT_Boring" */;
			compatibilityVersion = "Xcode 3.2";
			developmentRegion = English;
			hasScannedForEncodings = 0;
			knownRegions = (
				en,
			);
			mainGroup = 72930EC01601303200ECB1B9;
			productRefGroup = 72930ECC1601303200ECB1B9 /* Products */;
			projectDirPath = "";
			projectRoot = "";
			targets = (
				72930ECA1601303200ECB1B9 /* AT_Boring */,
			);
		};
/* End PBXProject section */

/* Begin PBXResourcesBuildPhase section */
		72930EC91601303200ECB1B9 /* Resources */ = {
			isa = PBXResourcesBuildPhase;
			buildActionMask = 2147483647;
			files = (
				72930EDA1601303200ECB1B9 /* InfoPlist.strings in Resources */,
				72930EE61601303200ECB1B9 /* AT_BoringViewController.xib in Resources */,
			);
			runOnlyForDeploymentPostprocessing = 0;
		};
/* End PBXResourcesBuildPhase section */

/* Begin PBXSourcesBuildPhase section */
		72930EC71601303200ECB1B9 /* Sources */ = {
			isa = PBXSourcesBuildPhase;
			buildActionMask = 2147483647;
			files = (
				72930EDC1601303200ECB1B9 /* main.m in Sources */,
				72930EE01601303200ECB1B9 /* AT_BoringAppDelegate.m in Sources */,
				72930EE31601303200ECB1B9 /* AT_BoringViewController.m in Sources */,
			);
			runOnlyForDeploymentPostprocessing = 0;
		};
/* End PBXSourcesBuildPhase section */

/* Begin PBXVariantGroup section */
		72930ED81601303200ECB1B9 /* InfoPlist.strings */ = {
			isa = PBXVariantGroup;
			children = (
				72930ED91601303200ECB1B9 /* en */,
			);
			name = InfoPlist.strings;
			sourceTree = "<group>";
		};
		72930EE41601303200ECB1B9 /* AT_BoringViewController.xib */ = {
			isa = PBXVariantGroup;
			children = (
				72930EE51601303200ECB1B9 /* en */,
			);
			name = AT_BoringViewController.xib;
			sourceTree = "<group>";
		};
/* End PBXVariantGroup section */

/* Begin XCBuildConfiguration section */
		72930EE71601303200ECB1B9 /* Debug */ = {
			isa = XCBuildConfiguration;
			buildSettings = {
				ALWAYS_SEARCH_USER_PATHS = NO;
				ARCHS = "$(ARCHS_STANDARD_32_BIT)";
				CLANG_ENABLE_OBJC_ARC = YES;
				"CODE_SIGN_IDENTITY[sdk=iphoneos*]" = "iPhone Developer";
				COPY_PHASE_STRIP = NO;
				GCC_C_LANGUAGE_STANDARD = gnu99;
				GCC_DYNAMIC_NO_PIC = NO;
				GCC_OPTIMIZATION_LEVEL = 0;
				GCC_PREPROCESSOR_DEFINITIONS = (
					"DEBUG=1",
					"$(inherited)",
				);
				GCC_SYMBOLS_PRIVATE_EXTERN = NO;
				GCC_VERSION = com.apple.compilers.llvm.clang.1_0;
				GCC_WARN_ABOUT_MISSING_PROTOTYPES = YES;
				GCC_WARN_ABOUT_RETURN_TYPE = YES;
				GCC_WARN_UNUSED_VARIABLE = YES;
				IPHONEOS_DEPLOYMENT_TARGET = 5.1;
				SDKROOT = iphoneos;
				TARGETED_DEVICE_FAMILY = 2;
			};
			name = Debug;
		};
		72930EE81601303200ECB1B9 /* Release */ = {
			isa = XCBuildConfiguration;
			buildSettings = {
				ALWAYS_SEARCH_USER_PATHS = NO;
				ARCHS = "$(ARCHS_STANDARD_32_BIT)";
				CLANG_ENABLE_OBJC_ARC = YES;
				"CODE_SIGN_IDENTITY[sdk=iphoneos*]" = "iPhone Developer";
				COPY_PHASE_STRIP = YES;
				GCC_C_LANGUAGE_STANDARD = gnu99;
				GCC_VERSION = com.apple.compilers.llvm.clang.1_0;
				GCC_WARN_ABOUT_MISSING_PROTOTYPES = YES;
				GCC_WARN_ABOUT_RETURN_TYPE = YES;
				GCC_WARN_UNUSED_VARIABLE = YES;
				IPHONEOS_DEPLOYMENT_TARGET = 5.1;
				OTHER_CFLAGS = "-DNS_BLOCK_ASSERTIONS=1";
				SDKROOT = iphoneos;
				TARGETED_DEVICE_FAMILY = 2;
				VALIDATE_PRODUCT = YES;
			};
			name = Release;
		};
		72930EEA1601303200ECB1B9 /* Debug */ = {
			isa = XCBuildConfiguration;
			buildSettings = {
				GCC_PRECOMPILE_PREFIX_HEADER = YES;
				GCC_PREFIX_HEADER = "AT_Boring/AT_Boring-Prefix.pch";
				INFOPLIST_FILE = "AT_Boring/AT_Boring-Info.plist";
				PRODUCT_NAME = "$(TARGET_NAME)";
				WRAPPER_EXTENSION = app;
			};
			name = Debug;
		};
		72930EEB1601303200ECB1B9 /* Release */ = {
			isa = XCBuildConfiguration;
			buildSettings = {
				GCC_PRECOMPILE_PREFIX_HEADER = YES;
				GCC_PREFIX_HEADER = "AT_Boring/AT_Boring-Prefix.pch";
				INFOPLIST_FILE = "AT_Boring/AT_Boring-Info.plist";
				PRODUCT_NAME = "$(TARGET_NAME)";
				WRAPPER_EXTENSION = app;
			};
			name = Release;
		};
/* End XCBuildConfiguration section */

/* Begin XCConfigurationList section */
		72930EC51601303200ECB1B9 /* Build configuration list for PBXProject "AT_Boring" */ = {
			isa = XCConfigurationList;
			buildConfigurations = (
				72930EE71601303200ECB1B9 /* Debug */,
				72930EE81601303200ECB1B9 /* Release */,
			);
			defaultConfigurationIsVisible = 0;
			defaultConfigurationName = Release;
		};
		72930EE91601303200ECB1B9 /* Build configuration list for PBXNativeTarget "AT_Boring" */ = {
			isa = XCConfigurationList;
			buildConfigurations = (
				72930EEA1601303200ECB1B9 /* Debug */,
				72930EEB1601303200ECB1B9 /* Release */,
			);
			defaultConfigurationIsVisible = 0;
		};
/* End XCConfigurationList section */
	};
	rootObject = 72930EC21601303200ECB1B9 /* Project object */;
}
